{
  "requires": true,
  "lockfileVersion": 1,
  "dependencies": {
    "protractor-browser-logs": {
      "version": "1.0.351",
      "resolved": "https://registry.npmjs.org/protractor-browser-logs/-/protractor-browser-logs-1.0.351.tgz",
      "integrity": "sha1-6uAfpcQnOOli9sUAP1PXE7LJTqM=",
      "dev": true
    }
  }
}
